Microsoft Visual Studio Solution File, Format Version 12.00
# Visual Studio Version 17
VisualStudioVersion = 17.5.2.0
MinimumVisualStudioVersion = 10.0.40219.1
Project("{FAE04EC0-301F-11D3-BF4B-00C04F79EFBC}") = "Mapidemic", "Mapidemic.csproj", "{91C95E44-0D32-88A7-EB22-2EE17C836418}"
EndProject
Global
	GlobalSection(SolutionConfigurationPlatforms) = preSolution
		Debug|Any CPU = Debug|Any CPU
		Release|Any CPU = Release|Any CPU
	EndGlobalSection
	GlobalSection(ProjectConfigurationPlatforms) = postSolution
		{91C95E44-0D32-88A7-EB22-2EE17C836418}.Debug|Any CPU.ActiveCfg = Debug|Any CPU
		{91C95E44-0D32-88A7-EB22-2EE17C836418}.Debug|Any CPU.Build.0 = Debug|Any CPU
		{91C95E44-0D32-88A7-EB22-2EE17C836418}.Release|Any CPU.ActiveCfg = Release|Any CPU
		{91C95E44-0D32-88A7-EB22-2EE17C836418}.Release|Any CPU.Build.0 = Release|Any CPU
	EndGlobalSection
	GlobalSection(SolutionProperties) = preSolution
		HideSolutionNode = FALSE
	EndGlobalSection
	GlobalSection(ExtensibilityGlobals) = postSolution
		SolutionGuid = {4FB558CC-FDBE-4572-B6A9-D015A4707255}
	EndGlobalSection
EndGlobal
